
Microsoft Visual Studio Solution File, Format Version 12.00
# Visual Studio Version 16
VisualStudioVersion = 16.0.32126.315
MinimumVisualStudioVersion = 10.0.40219.1
Project("{8BC9CEB8-8B4A-11D0-8D11-00A0C91BC942}") = "test_4_8", "test_4_8\test_4_8.vcxproj", "{29B3A31D-54C2-4BE5-B80A-024FEA04FABB}"
EndProject
Global
	GlobalSection(SolutionConfigurationPlatforms) = preSolution
		Debug|x64 = Debug|x64
		Debug|x86 = Debug|x86
		Release|x64 = Release|x64
		Release|x86 = Release|x86
	EndGlobalSection
	GlobalSection(ProjectConfigurationPlatforms) = postSolution
		{29B3A31D-54C2-4BE5-B80A-024FEA04FABB}.Debug|x64.ActiveCfg = Debug|x64
		{29B3A31D-54C2-4BE5-B80A-024FEA04FABB}.Debug|x64.Build.0 = Debug|x64
		{29B3A31D-54C2-4BE5-B80A-024FEA04FABB}.Debug|x86.ActiveCfg = Debug|Win32
		{29B3A31D-54C2-4BE5-B80A-024FEA04FABB}.Debug|x86.Build.0 = Debug|Win32
		{29B3A31D-54C2-4BE5-B80A-024FEA04FABB}.Release|x64.ActiveCfg = Release|x64
		{29B3A31D-54C2-4BE5-B80A-024FEA04FABB}.Release|x64.Build.0 = Release|x64
		{29B3A31D-54C2-4BE5-B80A-024FEA04FABB}.Release|x86.ActiveCfg = Release|Win32
		{29B3A31D-54C2-4BE5-B80A-024FEA04FABB}.Release|x86.Build.0 = Release|Win32
	EndGlobalSection
	GlobalSection(SolutionProperties) = preSolution
		HideSolutionNode = FALSE
	EndGlobalSection
	GlobalSection(ExtensibilityGlobals) = postSolution
		SolutionGuid = {0AEBD275-D339-426B-83F1-0C252A21D583}
	EndGlobalSection
EndGlobal
